<?xml version="1.0" encoding="utf-8"?>
<Project ToolsVersion="4.0" xmlns="http://schemas.microsoft.com/developer/msbuild/2003">
  <ItemGroup>
    <Filter Include="src">
      <UniqueIdentifier>{4d048d92-e78f-4012-9c16-b5ab5402f90f}</UniqueIdentifier>
    </Filter>
    <Filter Include="include">
      <UniqueIdentifier>{a22f7cef-b927-433e-8c5a-08734be21403}</UniqueIdentifier>
    </Filter>
  </ItemGroup>
  <ItemGroup>
    <ClCompile Include="src\kcpserver.cpp">
      <Filter>src</Filter>
    </ClCompile>
    <ClCompile Include="src\main.cpp">
      <Filter>src</Filter>
    </ClCompile>
    <ClCompile Include="src\kcpsession.cpp">
      <Filter>src</Filter>
    </ClCompile>
    <ClCompile Include="src\ikcp.cpp">
      <Filter>src</Filter>
    </ClCompile>
  </ItemGroup>
  <ItemGroup>
    <ClInclude Include="include\kcpserver.h">
      <Filter>include</Filter>
    </ClInclude>
    <ClInclude Include="include\kcpsession.h">
      <Filter>include</Filter>
    </ClInclude>
    <ClInclude Include="include\ikcp.h">
      <Filter>include</Filter>
    </ClInclude>
  </ItemGroup>
</Project>